
Microsoft Visual Studio Solution File, Format Version 12.00
# Visual Studio 15
Project("{FAE04EC0-301F-11D3-BF4B-00C04F79EFBC}") = "StudentSampleAPI", "StudentSampleAPI.csproj", "{CE861F72-4F57-457C-829B-9F086C70B266}"
EndProject
Global
	GlobalSection(SolutionConfigurationPlatforms) = preSolution
		Debug|Any CPU = Debug|Any CPU
		Release|Any CPU = Release|Any CPU
	EndGlobalSection
	GlobalSection(ProjectConfigurationPlatforms) = postSolution
		{CE861F72-4F57-457C-829B-9F086C70B266}.Debug|Any CPU.ActiveCfg = Debug|Any CPU
		{CE861F72-4F57-457C-829B-9F086C70B266}.Debug|Any CPU.Build.0 = Debug|Any CPU
		{CE861F72-4F57-457C-829B-9F086C70B266}.Release|Any CPU.ActiveCfg = Release|Any CPU
		{CE861F72-4F57-457C-829B-9F086C70B266}.Release|Any CPU.Build.0 = Release|Any CPU
	EndGlobalSection
EndGlobal
